
Microsoft Visual Studio Solution File, Format Version 12.00
# Visual Studio Version 17
VisualStudioVersion = 17.8.34330.188
MinimumVisualStudioVersion = 10.0.40219.1
Project("{FAE04EC0-301F-11D3-BF4B-00C04F79EFBC}") = "WebRecreationCenter.Server", "WebRecreationCenter.Server\WebRecreationCenter.Server.csproj", "{C1824A04-BCF8-4114-B225-216F5B627D92}"
EndProject
Project("{54A90642-561A-4BB1-A94E-469ADEE60C69}") = "webrecreationcenter.client", "webrecreationcenter.client\webrecreationcenter.client.esproj", "{948507A0-3E33-4BB9-8E40-C622B6EEC43E}"
EndProject
Global
	GlobalSection(SolutionConfigurationPlatforms) = preSolution
		Debug|Any CPU = Debug|Any CPU
		Release|Any CPU = Release|Any CPU
	EndGlobalSection
	GlobalSection(ProjectConfigurationPlatforms) = postSolution
		{C1824A04-BCF8-4114-B225-216F5B627D92}.Debug|Any CPU.ActiveCfg = Debug|Any CPU
		{C1824A04-BCF8-4114-B225-216F5B627D92}.Debug|Any CPU.Build.0 = Debug|Any CPU
		{C1824A04-BCF8-4114-B225-216F5B627D92}.Release|Any CPU.ActiveCfg = Release|Any CPU
		{C1824A04-BCF8-4114-B225-216F5B627D92}.Release|Any CPU.Build.0 = Release|Any CPU
		{948507A0-3E33-4BB9-8E40-C622B6EEC43E}.Debug|Any CPU.ActiveCfg = Debug|Any CPU
		{948507A0-3E33-4BB9-8E40-C622B6EEC43E}.Debug|Any CPU.Build.0 = Debug|Any CPU
		{948507A0-3E33-4BB9-8E40-C622B6EEC43E}.Debug|Any CPU.Deploy.0 = Debug|Any CPU
		{948507A0-3E33-4BB9-8E40-C622B6EEC43E}.Release|Any CPU.ActiveCfg = Release|Any CPU
		{948507A0-3E33-4BB9-8E40-C622B6EEC43E}.Release|Any CPU.Build.0 = Release|Any CPU
		{948507A0-3E33-4BB9-8E40-C622B6EEC43E}.Release|Any CPU.Deploy.0 = Release|Any CPU
	EndGlobalSection
	GlobalSection(SolutionProperties) = preSolution
		HideSolutionNode = FALSE
	EndGlobalSection
	GlobalSection(ExtensibilityGlobals) = postSolution
		SolutionGuid = {9F17F00B-B1E0-48D3-B5B5-B665172E1440}
	EndGlobalSection
EndGlobal
